// !$*UTF8*$!
{
	archiveVersion = 1;
	classes = {
	};
	objectVersion = 51;
	objects = {

/* Begin PBXBuildFile section */
		CE2316E77ACDC81D5346F2A8 /* Pods_instagram.framework in Frameworks */ = {isa = PBXBuildFile; fileRef = BFDAC9C3CC4CFFCF625E6CDB /* Pods_instagram.framework */; };
		CEC6CF8C255A9951001E4C0D /* AppDelegate.swift in Sources */ = {isa = PBXBuildFile; fileRef = CEC6CF8B255A9951001E4C0D /* AppDelegate.swift */; };
		CEC6CF8E255A9951001E4C0D /* SceneDelegate.swift in Sources */ = {isa = PBXBuildFile; fileRef = CEC6CF8D255A9951001E4C0D /* SceneDelegate.swift */; };
		CEC6CF90255A9951001E4C0D /* HomeViewController.swift in Sources */ = {isa = PBXBuildFile; fileRef = CEC6CF8F255A9951001E4C0D /* HomeViewController.swift */; };
		CEC6CF93255A9951001E4C0D /* Main.storyboard in Resources */ = {isa = PBXBuildFile; fileRef = CEC6CF91255A9951001E4C0D /* Main.storyboard */; };
		CEC6CF95255A9953001E4C0D /* Assets.xcassets in Resources */ = {isa = PBXBuildFile; fileRef = CEC6CF94255A9953001E4C0D /* Assets.xcassets */; };
		CEC6CF98255A9953001E4C0D /* LaunchScreen.storyboard in Resources */ = {isa = PBXBuildFile; fileRef = CEC6CF96255A9953001E4C0D /* LaunchScreen.storyboard */; };
		CEC6CFA5255A9DD8001E4C0D /* ExploreViewController.swift in Sources */ = {isa = PBXBuildFile; fileRef = CEC6CFA4255A9DD8001E4C0D /* ExploreViewController.swift */; };
		CEC6CFA7255A9E13001E4C0D /* ProfileViewController.swift in Sources */ = {isa = PBXBuildFile; fileRef = CEC6CFA6255A9E13001E4C0D /* ProfileViewController.swift */; };
		CEC6CFA9255A9E2A001E4C0D /* NotificationViewController.swift in Sources */ = {isa = PBXBuildFile; fileRef = CEC6CFA8255A9E2A001E4C0D /* NotificationViewController.swift */; };
		CEC6CFAB255A9E50001E4C0D /* CameraViewController.swift in Sources */ = {isa = PBXBuildFile; fileRef = CEC6CFAA255A9E50001E4C0D /* CameraViewController.swift */; };
		CEC6CFAE255A9F41001E4C0D /* LoginViewController.swift in Sources */ = {isa = PBXBuildFile; fileRef = CEC6CFAD255A9F41001E4C0D /* LoginViewController.swift */; };
		CEC6CFB0255A9F54001E4C0D /* RegisterViewController.swift in Sources */ = {isa = PBXBuildFile; fileRef = CEC6CFAF255A9F54001E4C0D /* RegisterViewController.swift */; };
		CEC6CFB2255A9FC8001E4C0D /* PostsViewController.swift in Sources */ = {isa = PBXBuildFile; fileRef = CEC6CFB1255A9FC8001E4C0D /* PostsViewController.swift */; };
		CEC6CFB4255A9FD9001E4C0D /* SettingsViewController.swift in Sources */ = {isa = PBXBuildFile; fileRef = CEC6CFB3255A9FD9001E4C0D /* SettingsViewController.swift */; };
		CEC6CFB7255AA031001E4C0D /* SearchViewController.swift in Sources */ = {isa = PBXBuildFile; fileRef = CEC6CFB6255AA031001E4C0D /* SearchViewController.swift */; };
		CEC6CFB9255AA048001E4C0D /* SearchResultViewController.swift in Sources */ = {isa = PBXBuildFile; fileRef = CEC6CFB8255AA048001E4C0D /* SearchResultViewController.swift */; };
		CEC6CFBB255AA05D001E4C0D /* EditProfileViewController.swift in Sources */ = {isa = PBXBuildFile; fileRef = CEC6CFBA255AA05D001E4C0D /* EditProfileViewController.swift */; };
		CEC6CFBD255AA0BB001E4C0D /* PostEditorViewController.swift in Sources */ = {isa = PBXBuildFile; fileRef = CEC6CFBC255AA0BB001E4C0D /* PostEditorViewController.swift */; };
		CEC6CFC2255AB364001E4C0D /* GoogleService-Info.plist in Resources */ = {isa = PBXBuildFile; fileRef = CEC6CFC1255AB364001E4C0D /* GoogleService-Info.plist */; };
		CEC6CFC4255AB9BB001E4C0D /* AuthManager.swift in Sources */ = {isa = PBXBuildFile; fileRef = CEC6CFC3255AB9BB001E4C0D /* AuthManager.swift */; };
		CEC6CFC6255AB9D5001E4C0D /* StorageManager.swift in Sources */ = {isa = PBXBuildFile; fileRef = CEC6CFC5255AB9D5001E4C0D /* StorageManager.swift */; };
		CEC6CFC8255AB9F5001E4C0D /* DatabaseManager.swift in Sources */ = {isa = PBXBuildFile; fileRef = CEC6CFC7255AB9F5001E4C0D /* DatabaseManager.swift */; };
		CEC6CFCB255AC951001E4C0D /* ViewExtension.swift in Sources */ = {isa = PBXBuildFile; fileRef = CEC6CFCA255AC951001E4C0D /* ViewExtension.swift */; };
		CEC6CFCE255ACCD0001E4C0D /* Constants.swift in Sources */ = {isa = PBXBuildFile; fileRef = CEC6CFCD255ACCD0001E4C0D /* Constants.swift */; };
/* End PBXBuildFile section */

/* Begin PBXFileReference section */
		B41AEACD2F3A8622CD3F9049 /* Pods-instagram.release.xcconfig */ = {isa = PBXFileReference; includeInIndex = 1; lastKnownFileType = text.xcconfig; name = "Pods-instagram.release.xcconfig"; path = "Target Support Files/Pods-instagram/Pods-instagram.release.xcconfig"; sourceTree = "<group>"; };
		BC400D6A049EB35ACA49293E /* Pods-instagram.debug.xcconfig */ = {isa = PBXFileReference; includeInIndex = 1; lastKnownFileType = text.xcconfig; name = "Pods-instagram.debug.xcconfig"; path = "Target Support Files/Pods-instagram/Pods-instagram.debug.xcconfig"; sourceTree = "<group>"; };
		BFDAC9C3CC4CFFCF625E6CDB /* Pods_instagram.framework */ = {isa = PBXFileReference; explicitFileType = wrapper.framework; includeInIndex = 0; path = Pods_instagram.framework; sourceTree = BUILT_PRODUCTS_DIR; };
		CEC6CF88255A9951001E4C0D /* instagram.app */ = {isa = PBXFileReference; explicitFileType = wrapper.application; includeInIndex = 0; path = instagram.app; sourceTree = BUILT_PRODUCTS_DIR; };
		CEC6CF8B255A9951001E4C0D /* AppDelegate.swift */ = {isa = PBXFileReference; lastKnownFileType = sourcecode.swift; path = AppDelegate.swift; sourceTree = "<group>"; };
		CEC6CF8D255A9951001E4C0D /* SceneDelegate.swift */ = {isa = PBXFileReference; lastKnownFileType = sourcecode.swift; path = SceneDelegate.swift; sourceTree = "<group>"; };
		CEC6CF8F255A9951001E4C0D /* HomeViewController.swift */ = {isa = PBXFileReference; lastKnownFileType = sourcecode.swift; path = HomeViewController.swift; sourceTree = "<group>"; };
		CEC6CF92255A9951001E4C0D /* Base */ = {isa = PBXFileReference; lastKnownFileType = file.storyboard; name = Base; path = Base.lproj/Main.storyboard; sourceTree = "<group>"; };
		CEC6CF94255A9953001E4C0D /* Assets.xcassets */ = {isa = PBXFileReference; lastKnownFileType = folder.assetcatalog; path = Assets.xcassets; sourceTree = "<group>"; };
		CEC6CF97255A9953001E4C0D /* Base */ = {isa = PBXFileReference; lastKnownFileType = file.storyboard; name = Base; path = Base.lproj/LaunchScreen.storyboard; sourceTree = "<group>"; };
		CEC6CF99255A9953001E4C0D /* Info.plist */ = {isa = PBXFileReference; lastKnownFileType = text.plist.xml; path = Info.plist; sourceTree = "<group>"; };
		CEC6CFA4255A9DD8001E4C0D /* ExploreViewController.swift */ = {isa = PBXFileReference; lastKnownFileType = sourcecode.swift; path = ExploreViewController.swift; sourceTree = "<group>"; };
		CEC6CFA6255A9E13001E4C0D /* ProfileViewController.swift */ = {isa = PBXFileReference; lastKnownFileType = sourcecode.swift; path = ProfileViewController.swift; sourceTree = "<group>"; };
		CEC6CFA8255A9E2A001E4C0D /* NotificationViewController.swift */ = {isa = PBXFileReference; lastKnownFileType = sourcecode.swift; path = NotificationViewController.swift; sourceTree = "<group>"; };
		CEC6CFAA255A9E50001E4C0D /* CameraViewController.swift */ = {isa = PBXFileReference; lastKnownFileType = sourcecode.swift; path = CameraViewController.swift; sourceTree = "<group>"; };
		CEC6CFAD255A9F41001E4C0D /* LoginViewController.swift */ = {isa = PBXFileReference; lastKnownFileType = sourcecode.swift; path = LoginViewController.swift; sourceTree = "<group>"; };
		CEC6CFAF255A9F54001E4C0D /* RegisterViewController.swift */ = {isa = PBXFileReference; lastKnownFileType = sourcecode.swift; path = RegisterViewController.swift; sourceTree = "<group>"; };
		CEC6CFB1255A9FC8001E4C0D /* PostsViewController.swift */ = {isa = PBXFileReference; lastKnownFileType = sourcecode.swift; path = PostsViewController.swift; sourceTree = "<group>"; };
		CEC6CFB3255A9FD9001E4C0D /* SettingsViewController.swift */ = {isa = PBXFileReference; lastKnownFileType = sourcecode.swift; path = SettingsViewController.swift; sourceTree = "<group>"; };
		CEC6CFB6255AA031001E4C0D /* SearchViewController.swift */ = {isa = PBXFileReference; lastKnownFileType = sourcecode.swift; path = SearchViewController.swift; sourceTree = "<group>"; };
		CEC6CFB8255AA048001E4C0D /* SearchResultViewController.swift */ = {isa = PBXFileReference; lastKnownFileType = sourcecode.swift; path = SearchResultViewController.swift; sourceTree = "<group>"; };
		CEC6CFBA255AA05D001E4C0D /* EditProfileViewController.swift */ = {isa = PBXFileReference; lastKnownFileType = sourcecode.swift; path = EditProfileViewController.swift; sourceTree = "<group>"; };
		CEC6CFBC255AA0BB001E4C0D /* PostEditorViewController.swift */ = {isa = PBXFileReference; lastKnownFileType = sourcecode.swift; path = PostEditorViewController.swift; sourceTree = "<group>"; };
		CEC6CFC1255AB364001E4C0D /* GoogleService-Info.plist */ = {isa = PBXFileReference; fileEncoding = 4; lastKnownFileType = text.plist.xml; path = "GoogleService-Info.plist"; sourceTree = "<group>"; };
		CEC6CFC3255AB9BB001E4C0D /* AuthManager.swift */ = {isa = PBXFileReference; lastKnownFileType = sourcecode.swift; path = AuthManager.swift; sourceTree = "<group>"; };
		CEC6CFC5255AB9D5001E4C0D /* StorageManager.swift */ = {isa = PBXFileReference; lastKnownFileType = sourcecode.swift; path = StorageManager.swift; sourceTree = "<group>"; };
		CEC6CFC7255AB9F5001E4C0D /* DatabaseManager.swift */ = {isa = PBXFileReference; lastKnownFileType = sourcecode.swift; path = DatabaseManager.swift; sourceTree = "<group>"; };
		CEC6CFCA255AC951001E4C0D /* ViewExtension.swift */ = {isa = PBXFileReference; lastKnownFileType = sourcecode.swift; path = ViewExtension.swift; sourceTree = "<group>"; };
		CEC6CFCD255ACCD0001E4C0D /* Constants.swift */ = {isa = PBXFileReference; lastKnownFileType = sourcecode.swift; path = Constants.swift; sourceTree = "<group>"; };
/* End PBXFileReference section */

/* Begin PBXFrameworksBuildPhase section */
		CEC6CF85255A9951001E4C0D /* Frameworks */ = {
			isa = PBXFrameworksBuildPhase;
			buildActionMask = 2147483647;
			files = (
				CE2316E77ACDC81D5346F2A8 /* Pods_instagram.framework in Frameworks */,
			);
			runOnlyForDeploymentPostprocessing = 0;
		};
/* End PBXFrameworksBuildPhase section */

/* Begin PBXGroup section */
		2ECD5E434BF49D18B5F2DEDE /* Pods */ = {
			isa = PBXGroup;
			children = (
				BC400D6A049EB35ACA49293E /* Pods-instagram.debug.xcconfig */,
				B41AEACD2F3A8622CD3F9049 /* Pods-instagram.release.xcconfig */,
			);
			path = Pods;
			sourceTree = "<group>";
		};
		662D1B7A6E0E3C74C957AA52 /* Frameworks */ = {
			isa = PBXGroup;
			children = (
				BFDAC9C3CC4CFFCF625E6CDB /* Pods_instagram.framework */,
			);
			name = Frameworks;
			sourceTree = "<group>";
		};
		CEC6CF7F255A9951001E4C0D = {
			isa = PBXGroup;
			children = (
				CEC6CF8A255A9951001E4C0D /* instagram */,
				CEC6CF89255A9951001E4C0D /* Products */,
				2ECD5E434BF49D18B5F2DEDE /* Pods */,
				662D1B7A6E0E3C74C957AA52 /* Frameworks */,
			);
			sourceTree = "<group>";
		};
		CEC6CF89255A9951001E4C0D /* Products */ = {
			isa = PBXGroup;
			children = (
				CEC6CF88255A9951001E4C0D /* instagram.app */,
			);
			name = Products;
			sourceTree = "<group>";
		};
		CEC6CF8A255A9951001E4C0D /* instagram */ = {
			isa = PBXGroup;
			children = (
				CEC6CFA2255A9AB1001E4C0D /* Res */,
				CEC6CFA1255A9A9F001E4C0D /* Model */,
				CEC6CFA0255A9A97001E4C0D /* View */,
				CEC6CF9F255A9A87001E4C0D /* Controller */,
				CEC6CF94255A9953001E4C0D /* Assets.xcassets */,
				CEC6CF99255A9953001E4C0D /* Info.plist */,
				CEC6CFC1255AB364001E4C0D /* GoogleService-Info.plist */,
				CEC6CFC9255AB9FF001E4C0D /* Firebase */,
				CEC6CFCC255AC997001E4C0D /* Utility */,
			);
			path = instagram;
			sourceTree = "<group>";
		};
		CEC6CF9F255A9A87001E4C0D /* Controller */ = {
			isa = PBXGroup;
			children = (
				CEC6CFAC255A9F29001E4C0D /* Auth */,
				CEC6CFB5255A9FF8001E4C0D /* Home */,
				CEC6CFBF255AA14F001E4C0D /* Post */,
				CEC6CFC0255AA16C001E4C0D /* Setting */,
				CEC6CFBE255AA140001E4C0D /* Search */,
				CEC6CFBA255AA05D001E4C0D /* EditProfileViewController.swift */,
			);
			path = Controller;
			sourceTree = "<group>";
		};
		CEC6CFA0255A9A97001E4C0D /* View */ = {
			isa = PBXGroup;
			children = (
				CEC6CFA3255A9B19001E4C0D /* Storyboards */,
			);
			path = View;
			sourceTree = "<group>";
		};
		CEC6CFA1255A9A9F001E4C0D /* Model */ = {
			isa = PBXGroup;
			children = (
			);
			path = Model;
			sourceTree = "<group>";
		};
		CEC6CFA2255A9AB1001E4C0D /* Res */ = {
			isa = PBXGroup;
			children = (
				CEC6CF8B255A9951001E4C0D /* AppDelegate.swift */,
				CEC6CF8D255A9951001E4C0D /* SceneDelegate.swift */,
			);
			path = Res;
			sourceTree = "<group>";
		};
		CEC6CFA3255A9B19001E4C0D /* Storyboards */ = {
			isa = PBXGroup;
			children = (
				CEC6CF96255A9953001E4C0D /* LaunchScreen.storyboard */,
				CEC6CF91255A9951001E4C0D /* Main.storyboard */,
			);
			path = Storyboards;
			sourceTree = "<group>";
		};
		CEC6CFAC255A9F29001E4C0D /* Auth */ = {
			isa = PBXGroup;
			children = (
				CEC6CFAD255A9F41001E4C0D /* LoginViewController.swift */,
				CEC6CFAF255A9F54001E4C0D /* RegisterViewController.swift */,
			);
			path = Auth;
			sourceTree = "<group>";
		};
		CEC6CFB5255A9FF8001E4C0D /* Home */ = {
			isa = PBXGroup;
			children = (
				CEC6CF8F255A9951001E4C0D /* HomeViewController.swift */,
				CEC6CFA4255A9DD8001E4C0D /* ExploreViewController.swift */,
				CEC6CFA6255A9E13001E4C0D /* ProfileViewController.swift */,
				CEC6CFA8255A9E2A001E4C0D /* NotificationViewController.swift */,
				CEC6CFAA255A9E50001E4C0D /* CameraViewController.swift */,
			);
			path = Home;
			sourceTree = "<group>";
		};
		CEC6CFBE255AA140001E4C0D /* Search */ = {
			isa = PBXGroup;
			children = (
				CEC6CFB6255AA031001E4C0D /* SearchViewController.swift */,
				CEC6CFB8255AA048001E4C0D /* SearchResultViewController.swift */,
			);
			path = Search;
			sourceTree = "<group>";
		};
		CEC6CFBF255AA14F001E4C0D /* Post */ = {
			isa = PBXGroup;
			children = (
				CEC6CFB1255A9FC8001E4C0D /* PostsViewController.swift */,
				CEC6CFBC255AA0BB001E4C0D /* PostEditorViewController.swift */,
			);
			path = Post;
			sourceTree = "<group>";
		};
		CEC6CFC0255AA16C001E4C0D /* Setting */ = {
			isa = PBXGroup;
			children = (
				CEC6CFB3255A9FD9001E4C0D /* SettingsViewController.swift */,
			);
			path = Setting;
			sourceTree = "<group>";
		};
		CEC6CFC9255AB9FF001E4C0D /* Firebase */ = {
			isa = PBXGroup;
			children = (
				CEC6CFC3255AB9BB001E4C0D /* AuthManager.swift */,
				CEC6CFC5255AB9D5001E4C0D /* StorageManager.swift */,
				CEC6CFC7255AB9F5001E4C0D /* DatabaseManager.swift */,
			);
			path = Firebase;
			sourceTree = "<group>";
		};
		CEC6CFCC255AC997001E4C0D /* Utility */ = {
			isa = PBXGroup;
			children = (
				CEC6CFCA255AC951001E4C0D /* ViewExtension.swift */,
				CEC6CFCD255ACCD0001E4C0D /* Constants.swift */,
			);
			path = Utility;
			sourceTree = "<group>";
		};
/* End PBXGroup section */

/* Begin PBXNativeTarget section */
		CEC6CF87255A9951001E4C0D /* instagram */ = {
			isa = PBXNativeTarget;
			buildConfigurationList = CEC6CF9C255A9953001E4C0D /* Build configuration list for PBXNativeTarget "instagram" */;
			buildPhases = (
				09ED21C6C8864A03B983C0C1 /* [CP] Check Pods Manifest.lock */,
				CEC6CF84255A9951001E4C0D /* Sources */,
				CEC6CF85255A9951001E4C0D /* Frameworks */,
				CEC6CF86255A9951001E4C0D /* Resources */,
				04133492BAC5C9DA96CC3C7D /* [CP] Embed Pods Frameworks */,
			);
			buildRules = (
			);
			dependencies = (
			);
			name = instagram;
			productName = instagram;
			productReference = CEC6CF88255A9951001E4C0D /* instagram.app */;
			productType = "com.apple.product-type.application";
		};
/* End PBXNativeTarget section */

/* Begin PBXProject section */
		CEC6CF80255A9951001E4C0D /* Project object */ = {
			isa = PBXProject;
			attributes = {
				LastSwiftUpdateCheck = 1130;
				LastUpgradeCheck = 1130;
				ORGANIZATIONNAME = Icelod;
				TargetAttributes = {
					CEC6CF87255A9951001E4C0D = {
						CreatedOnToolsVersion = 11.3.1;
					};
				};
			};
			buildConfigurationList = CEC6CF83255A9951001E4C0D /* Build configuration list for PBXProject "instagram" */;
			compatibilityVersion = "Xcode 9.3";
			developmentRegion = en;
			hasScannedForEncodings = 0;
			knownRegions = (
				en,
				Base,
			);
			mainGroup = CEC6CF7F255A9951001E4C0D;
			productRefGroup = CEC6CF89255A9951001E4C0D /* Products */;
			projectDirPath = "";
			projectRoot = "";
			targets = (
				CEC6CF87255A9951001E4C0D /* instagram */,
			);
		};
/* End PBXProject section */

/* Begin PBXResourcesBuildPhase section */
		CEC6CF86255A9951001E4C0D /* Resources */ = {
			isa = PBXResourcesBuildPhase;
			buildActionMask = 2147483647;
			files = (
				CEC6CF98255A9953001E4C0D /* LaunchScreen.storyboard in Resources */,
				CEC6CFC2255AB364001E4C0D /* GoogleService-Info.plist in Resources */,
				CEC6CF95255A9953001E4C0D /* Assets.xcassets in Resources */,
				CEC6CF93255A9951001E4C0D /* Main.storyboard in Resources */,
			);
			runOnlyForDeploymentPostprocessing = 0;
		};
/* End PBXResourcesBuildPhase section */

/* Begin PBXShellScriptBuildPhase section */
		04133492BAC5C9DA96CC3C7D /* [CP] Embed Pods Frameworks */ = {
			isa = PBXShellScriptBuildPhase;
			buildActionMask = 2147483647;
			files = (
			);
			inputFileListPaths = (
				"${PODS_ROOT}/Target Support Files/Pods-instagram/Pods-instagram-frameworks-${CONFIGURATION}-input-files.xcfilelist",
			);
			name = "[CP] Embed Pods Frameworks";
			outputFileListPaths = (
				"${PODS_ROOT}/Target Support Files/Pods-instagram/Pods-instagram-frameworks-${CONFIGURATION}-output-files.xcfilelist",
			);
			runOnlyForDeploymentPostprocessing = 0;
			shellPath = /bin/sh;
			shellScript = "\"${PODS_ROOT}/Target Support Files/Pods-instagram/Pods-instagram-frameworks.sh\"\n";
			showEnvVarsInLog = 0;
		};
		09ED21C6C8864A03B983C0C1 /* [CP] Check Pods Manifest.lock */ = {
			isa = PBXShellScriptBuildPhase;
			buildActionMask = 2147483647;
			files = (
			);
			inputFileListPaths = (
			);
			inputPaths = (
				"${PODS_PODFILE_DIR_PATH}/Podfile.lock",
				"${PODS_ROOT}/Manifest.lock",
			);
			name = "[CP] Check Pods Manifest.lock";
			outputFileListPaths = (
			);
			outputPaths = (
				"$(DERIVED_FILE_DIR)/Pods-instagram-checkManifestLockResult.txt",
			);
			runOnlyForDeploymentPostprocessing = 0;
			shellPath = /bin/sh;
			shellScript = "diff \"${PODS_PODFILE_DIR_PATH}/Podfile.lock\" \"${PODS_ROOT}/Manifest.lock\" > /dev/null\nif [ $? != 0 ] ; then\n    # print error to STDERR\n    echo \"error: The sandbox is not in sync with the Podfile.lock. Run 'pod install' or update your CocoaPods installation.\" >&2\n    exit 1\nfi\n# This output is used by Xcode 'outputs' to avoid re-running this script phase.\necho \"SUCCESS\" > \"${SCRIPT_OUTPUT_FILE_0}\"\n";
			showEnvVarsInLog = 0;
		};
/* End PBXShellScriptBuildPhase section */

/* Begin PBXSourcesBuildPhase section */
		CEC6CF84255A9951001E4C0D /* Sources */ = {
			isa = PBXSourcesBuildPhase;
			buildActionMask = 2147483647;
			files = (
				CEC6CFB0255A9F54001E4C0D /* RegisterViewController.swift in Sources */,
				CEC6CFA5255A9DD8001E4C0D /* ExploreViewController.swift in Sources */,
				CEC6CFB4255A9FD9001E4C0D /* SettingsViewController.swift in Sources */,
				CEC6CF90255A9951001E4C0D /* HomeViewController.swift in Sources */,
				CEC6CFA9255A9E2A001E4C0D /* NotificationViewController.swift in Sources */,
				CEC6CFB2255A9FC8001E4C0D /* PostsViewController.swift in Sources */,
				CEC6CFBB255AA05D001E4C0D /* EditProfileViewController.swift in Sources */,
				CEC6CFC6255AB9D5001E4C0D /* StorageManager.swift in Sources */,
				CEC6CFC8255AB9F5001E4C0D /* DatabaseManager.swift in Sources */,
				CEC6CFB7255AA031001E4C0D /* SearchViewController.swift in Sources */,
				CEC6CFA7255A9E13001E4C0D /* ProfileViewController.swift in Sources */,
				CEC6CFC4255AB9BB001E4C0D /* AuthManager.swift in Sources */,
				CEC6CFAE255A9F41001E4C0D /* LoginViewController.swift in Sources */,
				CEC6CFAB255A9E50001E4C0D /* CameraViewController.swift in Sources */,
				CEC6CFBD255AA0BB001E4C0D /* PostEditorViewController.swift in Sources */,
				CEC6CFCE255ACCD0001E4C0D /* Constants.swift in Sources */,
				CEC6CFCB255AC951001E4C0D /* ViewExtension.swift in Sources */,
				CEC6CF8C255A9951001E4C0D /* AppDelegate.swift in Sources */,
				CEC6CFB9255AA048001E4C0D /* SearchResultViewController.swift in Sources */,
				CEC6CF8E255A9951001E4C0D /* SceneDelegate.swift in Sources */,
			);
			runOnlyForDeploymentPostprocessing = 0;
		};
/* End PBXSourcesBuildPhase section */

/* Begin PBXVariantGroup section */
		CEC6CF91255A9951001E4C0D /* Main.storyboard */ = {
			isa = PBXVariantGroup;
			children = (
				CEC6CF92255A9951001E4C0D /* Base */,
			);
			name = Main.storyboard;
			sourceTree = "<group>";
		};
		CEC6CF96255A9953001E4C0D /* LaunchScreen.storyboard */ = {
			isa = PBXVariantGroup;
			children = (
				CEC6CF97255A9953001E4C0D /* Base */,
			);
			name = LaunchScreen.storyboard;
			sourceTree = "<group>";
		};
/* End PBXVariantGroup section */

/* Begin XCBuildConfiguration section */
		CEC6CF9A255A9953001E4C0D /* Debug */ = {
			isa = XCBuildConfiguration;
			buildSettings = {
				ALWAYS_SEARCH_USER_PATHS = NO;
				CLANG_ANALYZER_NONNULL = YES;
				CLANG_ANALYZER_NUMBER_OBJECT_CONVERSION = YES_AGGRESSIVE;
				CLANG_CXX_LANGUAGE_STANDARD = "gnu++14";
				CLANG_CXX_LIBRARY = "libc++";
				CLANG_ENABLE_MODULES = YES;
				CLANG_ENABLE_OBJC_ARC = YES;
				CLANG_ENABLE_OBJC_WEAK = YES;
				CLANG_WARN_BLOCK_CAPTURE_AUTORELEASING = YES;
				CLANG_WARN_BOOL_CONVERSION = YES;
				CLANG_WARN_COMMA = YES;
				CLANG_WARN_CONSTANT_CONVERSION = YES;
				CLANG_WARN_DEPRECATED_OBJC_IMPLEMENTATIONS = YES;
				CLANG_WARN_DIRECT_OBJC_ISA_USAGE = YES_ERROR;
				CLANG_WARN_DOCUMENTATION_COMMENTS = YES;
				CLANG_WARN_EMPTY_BODY = YES;
				CLANG_WARN_ENUM_CONVERSION = YES;
				CLANG_WARN_INFINITE_RECURSION = YES;
				CLANG_WARN_INT_CONVERSION = YES;
				CLANG_WARN_NON_LITERAL_NULL_CONVERSION = YES;
				CLANG_WARN_OBJC_IMPLICIT_RETAIN_SELF = YES;
				CLANG_WARN_OBJC_LITERAL_CONVERSION = YES;
				CLANG_WARN_OBJC_ROOT_CLASS = YES_ERROR;
				CLANG_WARN_RANGE_LOOP_ANALYSIS = YES;
				CLANG_WARN_STRICT_PROTOTYPES = YES;
				CLANG_WARN_SUSPICIOUS_MOVE = YES;
				CLANG_WARN_UNGUARDED_AVAILABILITY = YES_AGGRESSIVE;
				CLANG_WARN_UNREACHABLE_CODE = YES;
				CLANG_WARN__DUPLICATE_METHOD_MATCH = YES;
				COPY_PHASE_STRIP = NO;
				DEBUG_INFORMATION_FORMAT = dwarf;
				ENABLE_STRICT_OBJC_MSGSEND = YES;
				ENABLE_TESTABILITY = YES;
				GCC_C_LANGUAGE_STANDARD = gnu11;
				GCC_DYNAMIC_NO_PIC = NO;
				GCC_NO_COMMON_BLOCKS = YES;
				GCC_OPTIMIZATION_LEVEL = 0;
				GCC_PREPROCESSOR_DEFINITIONS = (
					"DEBUG=1",
					"$(inherited)",
				);
				GCC_WARN_64_TO_32_BIT_CONVERSION = YES;
				GCC_WARN_ABOUT_RETURN_TYPE = YES_ERROR;
				GCC_WARN_UNDECLARED_SELECTOR = YES;
				GCC_WARN_UNINITIALIZED_AUTOS = YES_AGGRESSIVE;
				GCC_WARN_UNUSED_FUNCTION = YES;
				GCC_WARN_UNUSED_VARIABLE = YES;
				IPHONEOS_DEPLOYMENT_TARGET = 13.2;
				MTL_ENABLE_DEBUG_INFO = INCLUDE_SOURCE;
				MTL_FAST_MATH = YES;
				ONLY_ACTIVE_ARCH = YES;
				SDKROOT = iphoneos;
				SWIFT_ACTIVE_COMPILATION_CONDITIONS = DEBUG;
				SWIFT_OPTIMIZATION_LEVEL = "-Onone";
			};
			name = Debug;
		};
		CEC6CF9B255A9953001E4C0D /* Release */ = {
			isa = XCBuildConfiguration;
			buildSettings = {
				ALWAYS_SEARCH_USER_PATHS = NO;
				CLANG_ANALYZER_NONNULL = YES;
				CLANG_ANALYZER_NUMBER_OBJECT_CONVERSION = YES_AGGRESSIVE;
				CLANG_CXX_LANGUAGE_STANDARD = "gnu++14";
				CLANG_CXX_LIBRARY = "libc++";
				CLANG_ENABLE_MODULES = YES;
				CLANG_ENABLE_OBJC_ARC = YES;
				CLANG_ENABLE_OBJC_WEAK = YES;
				CLANG_WARN_BLOCK_CAPTURE_AUTORELEASING = YES;
				CLANG_WARN_BOOL_CONVERSION = YES;
				CLANG_WARN_COMMA = YES;
				CLANG_WARN_CONSTANT_CONVERSION = YES;
				CLANG_WARN_DEPRECATED_OBJC_IMPLEMENTATIONS = YES;
				CLANG_WARN_DIRECT_OBJC_ISA_USAGE = YES_ERROR;
				CLANG_WARN_DOCUMENTATION_COMMENTS = YES;
				CLANG_WARN_EMPTY_BODY = YES;
				CLANG_WARN_ENUM_CONVERSION = YES;
				CLANG_WARN_INFINITE_RECURSION = YES;
				CLANG_WARN_INT_CONVERSION = YES;
				CLANG_WARN_NON_LITERAL_NULL_CONVERSION = YES;
				CLANG_WARN_OBJC_IMPLICIT_RETAIN_SELF = YES;
				CLANG_WARN_OBJC_LITERAL_CONVERSION = YES;
				CLANG_WARN_OBJC_ROOT_CLASS = YES_ERROR;
				CLANG_WARN_RANGE_LOOP_ANALYSIS = YES;
				CLANG_WARN_STRICT_PROTOTYPES = YES;
				CLANG_WARN_SUSPICIOUS_MOVE = YES;
				CLANG_WARN_UNGUARDED_AVAILABILITY = YES_AGGRESSIVE;
				CLANG_WARN_UNREACHABLE_CODE = YES;
				CLANG_WARN__DUPLICATE_METHOD_MATCH = YES;
				COPY_PHASE_STRIP = NO;
				DEBUG_INFORMATION_FORMAT = "dwarf-with-dsym";
				ENABLE_NS_ASSERTIONS = NO;
				ENABLE_STRICT_OBJC_MSGSEND = YES;
				GCC_C_LANGUAGE_STANDARD = gnu11;
				GCC_NO_COMMON_BLOCKS = YES;
				GCC_WARN_64_TO_32_BIT_CONVERSION = YES;
				GCC_WARN_ABOUT_RETURN_TYPE = YES_ERROR;
				GCC_WARN_UNDECLARED_SELECTOR = YES;
				GCC_WARN_UNINITIALIZED_AUTOS = YES_AGGRESSIVE;
				GCC_WARN_UNUSED_FUNCTION = YES;
				GCC_WARN_UNUSED_VARIABLE = YES;
				IPHONEOS_DEPLOYMENT_TARGET = 13.2;
				MTL_ENABLE_DEBUG_INFO = NO;
				MTL_FAST_MATH = YES;
				SDKROOT = iphoneos;
				SWIFT_COMPILATION_MODE = wholemodule;
				SWIFT_OPTIMIZATION_LEVEL = "-O";
				VALIDATE_PRODUCT = YES;
			};
			name = Release;
		};
		CEC6CF9D255A9953001E4C0D /* Debug */ = {
			isa = XCBuildConfiguration;
			baseConfigurationReference = BC400D6A049EB35ACA49293E /* Pods-instagram.debug.xcconfig */;
			buildSettings = {
				ASSETCATALOG_COMPILER_APPICON_NAME = AppIcon;
				CODE_SIGN_STYLE = Automatic;
				DEVELOPMENT_TEAM = G24R4552BR;
				INFOPLIST_FILE = instagram/Info.plist;
				LD_RUNPATH_SEARCH_PATHS = (
					"$(inherited)",
					"@executable_path/Frameworks",
				);
				PRODUCT_BUNDLE_IDENTIFIER = com.clevmania.instagram;
				PRODUCT_NAME = "$(TARGET_NAME)";
				SWIFT_VERSION = 5.0;
				TARGETED_DEVICE_FAMILY = "1,2";
			};
			name = Debug;
		};
		CEC6CF9E255A9953001E4C0D /* Release */ = {
			isa = XCBuildConfiguration;
			baseConfigurationReference = B41AEACD2F3A8622CD3F9049 /* Pods-instagram.release.xcconfig */;
			buildSettings = {
				ASSETCATALOG_COMPILER_APPICON_NAME = AppIcon;
				CODE_SIGN_STYLE = Automatic;
				DEVELOPMENT_TEAM = G24R4552BR;
				INFOPLIST_FILE = instagram/Info.plist;
				LD_RUNPATH_SEARCH_PATHS = (
					"$(inherited)",
					"@executable_path/Frameworks",
				);
				PRODUCT_BUNDLE_IDENTIFIER = com.clevmania.instagram;
				PRODUCT_NAME = "$(TARGET_NAME)";
				SWIFT_VERSION = 5.0;
				TARGETED_DEVICE_FAMILY = "1,2";
			};
			name = Release;
		};
/* End XCBuildConfiguration section */

/* Begin XCConfigurationList section */
		CEC6CF83255A9951001E4C0D /* Build configuration list for PBXProject "instagram" */ = {
			isa = XCConfigurationList;
			buildConfigurations = (
				CEC6CF9A255A9953001E4C0D /* Debug */,
				CEC6CF9B255A9953001E4C0D /* Release */,
			);
			defaultConfigurationIsVisible = 0;
			defaultConfigurationName = Release;
		};
		CEC6CF9C255A9953001E4C0D /* Build configuration list for PBXNativeTarget "instagram" */ = {
			isa = XCConfigurationList;
			buildConfigurations = (
				CEC6CF9D255A9953001E4C0D /* Debug */,
				CEC6CF9E255A9953001E4C0D /* Release */,
			);
			defaultConfigurationIsVisible = 0;
			defaultConfigurationName = Release;
		};
/* End XCConfigurationList section */
	};
	rootObject = CEC6CF80255A9951001E4C0D /* Project object */;
}
